<?xml version="1.0" encoding="utf-8"?>
<Project ToolsVersion="4.0" xmlns="http://schemas.microsoft.com/developer/msbuild/2003">
  <ItemGroup>
    <Filter Include="Source Files">
      <UniqueIdentifier>{4FC737F1-C7A5-4376-A066-2A32D752A2FF}</UniqueIdentifier>
      <Extensions>cpp;c;cc;cxx;def;odl;idl;hpj;bat;asm;asmx</Extensions>
    </Filter>
    <Filter Include="Header Files">
      <UniqueIdentifier>{93995380-89BD-4b04-88EB-625FBE52EBFB}</UniqueIdentifier>
      <Extensions>h;hh;hpp;hxx;hm;inl;inc;ipp;xsd</Extensions>
    </Filter>
    <Filter Include="Resource Files">
      <UniqueIdentifier>{67DA6AB6-F800-4c08-8B7A-83BB121AAD01}</UniqueIdentifier>
      <Extensions>rc;ico;cur;bmp;dlg;rc2;rct;bin;rgs;gif;jpg;jpeg;jpe;resx;tiff;tif;png;wav;mfcribbon-ms</Extensions>
    </Filter>
  </ItemGroup>
  <ItemGroup>
    <ClCompile Include="Interpreter.cpp">
      <Filter>Source Files</Filter>
    </ClCompile>
    <ClCompile Include="MemoryObject.cpp">
      <Filter>Source Files</Filter>
    </ClCompile>
    <ClCompile Include="ByteCode.cpp">
      <Filter>Source Files</Filter>
    </ClCompile>
    <ClCompile Include="Value.cpp">
      <Filter>Source Files</Filter>
    </ClCompile>
  </ItemGroup>
  <ItemGroup>
    <ClInclude Include="MemoryObject.h">
      <Filter>Header Files</Filter>
    </ClInclude>
    <ClInclude Include="ByteCode.h">
      <Filter>Header Files</Filter>
    </ClInclude>
    <ClInclude Include="Value.h">
      <Filter>Header Files</Filter>
    </ClInclude>
  </ItemGroup>
  <ItemGroup>
    <Text Include="input.txt">
      <Filter>Resource Files</Filter>
    </Text>
  </ItemGroup>
  <ItemGroup>
    <None Include="36_jmp_test.smp">
      <Filter>Resource Files</Filter>
    </None>
    <None Include="40_jmpc_test.smp">
      <Filter>Resource Files</Filter>
    </None>
    <None Include="75_pushvf_test.smp">
      <Filter>Resource Files</Filter>
    </None>
    <None Include="100_add_test.smp">
      <Filter>Resource Files</Filter>
    </None>
    <None Include="104_sub_test.smp">
      <Filter>Resource Files</Filter>
    </None>
    <None Include="108_mul_test.smp">
      <Filter>Resource Files</Filter>
    </None>
    <None Include="112_div_test.smp">
      <Filter>Resource Files</Filter>
    </None>
    <None Include="132_cmpe_test.smp">
      <Filter>Resource Files</Filter>
    </None>
    <None Include="136_cmplt_test.smp">
      <Filter>Resource Files</Filter>
    </None>
    <None Include="140_cmpgt_test.smp">
      <Filter>Resource Files</Filter>
    </None>
    <None Include="Basics.bin">
      <Filter>Resource Files</Filter>
    </None>
    <None Include="Comparisons.bin">
      <Filter>Resource Files</Filter>
    </None>
    <None Include="Interpreter_Input.bin">
      <Filter>Resource Files</Filter>
    </None>
    <None Include="Jumps.bin">
      <Filter>Resource Files</Filter>
    </None>
    <None Include="Math.bin">
      <Filter>Resource Files</Filter>
    </None>
    <None Include="Peek_Poke.bin">
      <Filter>Resource Files</Filter>
    </None>
    <None Include="Push_Pop.bin">
      <Filter>Resource Files</Filter>
    </None>
    <None Include="Subroutines.bin">
      <Filter>Resource Files</Filter>
    </None>
  </ItemGroup>
</Project>